
Microsoft Visual Studio Solution File, Format Version 12.00
# Visual Studio Version 17
VisualStudioVersion = 17.6.33815.320
MinimumVisualStudioVersion = 10.0.40219.1
Project("{FAE04EC0-301F-11D3-BF4B-00C04F79EFBC}") = "MovieBookingSystem", "DemoWindowApp\MovieBookingSystem.csproj", "{8EE82E63-90A1-43E8-A268-6D26AACEFE92}"
EndProject
Global
	GlobalSection(SolutionConfigurationPlatforms) = preSolution
		Debug|Any CPU = Debug|Any CPU
		Release|Any CPU = Release|Any CPU
	EndGlobalSection
	GlobalSection(ProjectConfigurationPlatforms) = postSolution
		{8EE82E63-90A1-43E8-A268-6D26AACEFE92}.Debug|Any CPU.ActiveCfg = Debug|Any CPU
		{8EE82E63-90A1-43E8-A268-6D26AACEFE92}.Debug|Any CPU.Build.0 = Debug|Any CPU
		{8EE82E63-90A1-43E8-A268-6D26AACEFE92}.Release|Any CPU.ActiveCfg = Release|Any CPU
		{8EE82E63-90A1-43E8-A268-6D26AACEFE92}.Release|Any CPU.Build.0 = Release|Any CPU
	EndGlobalSection
	GlobalSection(SolutionProperties) = preSolution
		HideSolutionNode = FALSE
	EndGlobalSection
	GlobalSection(ExtensibilityGlobals) = postSolution
		SolutionGuid = {6B439BE5-15D1-49A2-88B4-7FFA5A551B20}
	EndGlobalSection
EndGlobal
